
Microsoft Visual Studio Solution File, Format Version 12.00
# Visual Studio Version 16
VisualStudioVersion = 16.0.30002.166
MinimumVisualStudioVersion = 10.0.40219.1
Project("{FAE04EC0-301F-11D3-BF4B-00C04F79EFBC}") = "awesome_map_server", "awesome_map_server\awesome_map_server.csproj", "{2A22B1B9-6657-4194-8202-13B3B6238770}"
EndProject
Global
	GlobalSection(SolutionConfigurationPlatforms) = preSolution
		Debug|Any CPU = Debug|Any CPU
		Release|Any CPU = Release|Any CPU
	EndGlobalSection
	GlobalSection(ProjectConfigurationPlatforms) = postSolution
		{2A22B1B9-6657-4194-8202-13B3B6238770}.Debug|Any CPU.ActiveCfg = Debug|Any CPU
		{2A22B1B9-6657-4194-8202-13B3B6238770}.Debug|Any CPU.Build.0 = Debug|Any CPU
		{2A22B1B9-6657-4194-8202-13B3B6238770}.Release|Any CPU.ActiveCfg = Release|Any CPU
		{2A22B1B9-6657-4194-8202-13B3B6238770}.Release|Any CPU.Build.0 = Release|Any CPU
	EndGlobalSection
	GlobalSection(SolutionProperties) = preSolution
		HideSolutionNode = FALSE
	EndGlobalSection
	GlobalSection(ExtensibilityGlobals) = postSolution
		SolutionGuid = {A12191D9-FB1C-4437-9A3F-DBB188AF298F}
	EndGlobalSection
EndGlobal
